
Microsoft Visual Studio Solution File, Format Version 10.00
# Visual Studio 2008
Project("{8BC9CEB8-8B4A-11D0-8D11-00A0C91BC942}") = "ListDirectory", "ListDirectory\ListDirectory.vcproj", "{22094824-FAC6-4303-9EA5-23E13D1F2523}"
EndProject
Global
	GlobalSection(SolutionConfigurationPlatforms) = preSolution
		Debug|Win32 = Debug|Win32
		Release|Win32 = Release|Win32
	EndGlobalSection
	GlobalSection(ProjectConfigurationPlatforms) = postSolution
		{22094824-FAC6-4303-9EA5-23E13D1F2523}.Debug|Win32.ActiveCfg = Debug|Win32
		{22094824-FAC6-4303-9EA5-23E13D1F2523}.Debug|Win32.Build.0 = Debug|Win32
		{22094824-FAC6-4303-9EA5-23E13D1F2523}.Release|Win32.ActiveCfg = Release|Win32
		{22094824-FAC6-4303-9EA5-23E13D1F2523}.Release|Win32.Build.0 = Release|Win32
	EndGlobalSection
	GlobalSection(SolutionProperties) = preSolution
		HideSolutionNode = FALSE
	EndGlobalSection
EndGlobal
